
Microsoft Visual Studio Solution File, Format Version 12.00
# Visual Studio Version 17
VisualStudioVersion = 17.4.33213.308
MinimumVisualStudioVersion = 10.0.40219.1
Project("{FAE04EC0-301F-11D3-BF4B-00C04F79EFBC}") = "Demo.WebApplication.API", "Demo.WebApplication.API\Demo.WebApplication.API.csproj", "{4C80FB87-D943-4E89-9506-9DED09090C6B}"
EndProject
Global
	GlobalSection(SolutionConfigurationPlatforms) = preSolution
		Debug|Any CPU = Debug|Any CPU
		Release|Any CPU = Release|Any CPU
	EndGlobalSection
	GlobalSection(ProjectConfigurationPlatforms) = postSolution
		{4C80FB87-D943-4E89-9506-9DED09090C6B}.Debug|Any CPU.ActiveCfg = Debug|Any CPU
		{4C80FB87-D943-4E89-9506-9DED09090C6B}.Debug|Any CPU.Build.0 = Debug|Any CPU
		{4C80FB87-D943-4E89-9506-9DED09090C6B}.Release|Any CPU.ActiveCfg = Release|Any CPU
		{4C80FB87-D943-4E89-9506-9DED09090C6B}.Release|Any CPU.Build.0 = Release|Any CPU
	EndGlobalSection
	GlobalSection(SolutionProperties) = preSolution
		HideSolutionNode = FALSE
	EndGlobalSection
	GlobalSection(ExtensibilityGlobals) = postSolution
		SolutionGuid = {78BF2282-8ABF-4219-A6D7-5F3D64513543}
	EndGlobalSection
EndGlobal
